
Microsoft Visual Studio Solution File, Format Version 12.00
# Visual Studio Version 17
VisualStudioVersion = 17.9.34616.47
MinimumVisualStudioVersion = 10.0.40219.1
Project("{FAE04EC0-301F-11D3-BF4B-00C04F79EFBC}") = "PhoneNumberDetection", "PhoneNumberDetection.csproj", "{24ACDFC5-0258-45D2-8AE9-AFE7B7FF1169}"
EndProject
Global
	GlobalSection(SolutionConfigurationPlatforms) = preSolution
		Debug|Any CPU = Debug|Any CPU
		Release|Any CPU = Release|Any CPU
	EndGlobalSection
	GlobalSection(ProjectConfigurationPlatforms) = postSolution
		{24ACDFC5-0258-45D2-8AE9-AFE7B7FF1169}.Debug|Any CPU.ActiveCfg = Debug|Any CPU
		{24ACDFC5-0258-45D2-8AE9-AFE7B7FF1169}.Debug|Any CPU.Build.0 = Debug|Any CPU
		{24ACDFC5-0258-45D2-8AE9-AFE7B7FF1169}.Release|Any CPU.ActiveCfg = Release|Any CPU
		{24ACDFC5-0258-45D2-8AE9-AFE7B7FF1169}.Release|Any CPU.Build.0 = Release|Any CPU
	EndGlobalSection
	GlobalSection(SolutionProperties) = preSolution
		HideSolutionNode = FALSE
	EndGlobalSection
	GlobalSection(ExtensibilityGlobals) = postSolution
		SolutionGuid = {C05450DA-497F-45BD-9C5B-456D3BF9D2CC}
	EndGlobalSection
EndGlobal
